<?xml version="1.0" encoding="utf-8"?>
<Project ToolsVersion="4.0" xmlns="http://schemas.microsoft.com/developer/msbuild/2003">
  <ItemGroup>
    <Filter Include="소스 파일">
      <UniqueIdentifier>{4FC737F1-C7A5-4376-A066-2A32D752A2FF}</UniqueIdentifier>
      <Extensions>cpp;c;cc;cxx;c++;cppm;ixx;def;odl;idl;hpj;bat;asm;asmx</Extensions>
    </Filter>
    <Filter Include="헤더 파일">
      <UniqueIdentifier>{93995380-89BD-4b04-88EB-625FBE52EBFB}</UniqueIdentifier>
      <Extensions>h;hh;hpp;hxx;h++;hm;inl;inc;ipp;xsd</Extensions>
    </Filter>
    <Filter Include="리소스 파일">
      <UniqueIdentifier>{67DA6AB6-F800-4c08-8B7A-83BB121AAD01}</UniqueIdentifier>
      <Extensions>rc;ico;cur;bmp;dlg;rc2;rct;bin;rgs;gif;jpg;jpeg;jpe;resx;tiff;tif;png;wav;mfcribbon-ms</Extensions>
    </Filter>
    <Filter Include="헤더 파일\ImageLayer">
      <UniqueIdentifier>{4d95339a-0dd9-4922-8770-623dc93e212e}</UniqueIdentifier>
    </Filter>
  </ItemGroup>
  <ItemGroup>
    <ClCompile Include="main.c">
      <Filter>소스 파일</Filter>
    </ClCompile>
    <ClCompile Include="StartWindow.c">
      <Filter>소스 파일</Filter>
    </ClCompile>
    <ClCompile Include="Utils.c">
      <Filter>소스 파일</Filter>
    </ClCompile>
    <ClCompile Include="Game.c">
      <Filter>소스 파일</Filter>
    </ClCompile>
    <ClCompile Include="SceneDimigo.c">
      <Filter>소스 파일</Filter>
    </ClCompile>
    <ClCompile Include="SceneCafeteria.c">
      <Filter>소스 파일</Filter>
    </ClCompile>
    <ClCompile Include="Music.c">
      <Filter>소스 파일</Filter>
    </ClCompile>
    <ClCompile Include="GameInfo.c">
      <Filter>소스 파일</Filter>
    </ClCompile>
    <ClCompile Include="SceneBongwan.c">
      <Filter>소스 파일</Filter>
    </ClCompile>
    <ClCompile Include="SceneHakbonggwan.c">
      <Filter>소스 파일</Filter>
    </ClCompile>
    <ClCompile Include="SceneSingwan.c">
      <Filter>소스 파일</Filter>
    </ClCompile>
  </ItemGroup>
  <ItemGroup>
    <ClInclude Include="ImageFading.h">
      <Filter>헤더 파일\ImageLayer</Filter>
    </ClInclude>
    <ClInclude Include="ImageLayer.h">
      <Filter>헤더 파일\ImageLayer</Filter>
    </ClInclude>
    <ClInclude Include="ImageLayerImpl.h">
      <Filter>헤더 파일\ImageLayer</Filter>
    </ClInclude>
    <ClInclude Include="ImageLayerInterface.h">
      <Filter>헤더 파일\ImageLayer</Filter>
    </ClInclude>
    <ClInclude Include="StartWindow.h">
      <Filter>헤더 파일</Filter>
    </ClInclude>
    <ClInclude Include="Include.h">
      <Filter>헤더 파일</Filter>
    </ClInclude>
    <ClInclude Include="Game.h">
      <Filter>헤더 파일</Filter>
    </ClInclude>
    <ClInclude Include="resource.h">
      <Filter>헤더 파일</Filter>
    </ClInclude>
    <ClInclude Include="Structure.h">
      <Filter>헤더 파일</Filter>
    </ClInclude>
    <ClInclude Include="SceneDimigo.h">
      <Filter>헤더 파일</Filter>
    </ClInclude>
    <ClInclude Include="Scene.h">
      <Filter>헤더 파일</Filter>
    </ClInclude>
    <ClInclude Include="SceneCafeteria.h">
      <Filter>헤더 파일</Filter>
    </ClInclude>
    <ClInclude Include="Music.h">
      <Filter>헤더 파일</Filter>
    </ClInclude>
    <ClInclude Include="GameInfo.h">
      <Filter>헤더 파일</Filter>
    </ClInclude>
    <ClInclude Include="SceneBongwan.h">
      <Filter>헤더 파일</Filter>
    </ClInclude>
    <ClInclude Include="SceneHakbonggwan.h">
      <Filter>헤더 파일</Filter>
    </ClInclude>
    <ClInclude Include="SceneSingwan.h">
      <Filter>헤더 파일</Filter>
    </ClInclude>
  </ItemGroup>
  <ItemGroup>
    <ResourceCompile Include="DisasterEscape.rc">
      <Filter>리소스 파일</Filter>
    </ResourceCompile>
  </ItemGroup>
  <ItemGroup>
    <Image Include="bitmap1.bmp">
      <Filter>리소스 파일</Filter>
    </Image>
    <Image Include="..\..\..\test3.bmp">
      <Filter>리소스 파일</Filter>
    </Image>
    <Image Include="..\..\..\icon1.ico">
      <Filter>리소스 파일</Filter>
    </Image>
    <Image Include="disasterescape.ico">
      <Filter>리소스 파일</Filter>
    </Image>
    <Image Include="background.bmp">
      <Filter>리소스 파일</Filter>
    </Image>
    <Image Include="loading.bmp">
      <Filter>리소스 파일</Filter>
    </Image>
    <Image Include="button_gameinfo.bmp">
      <Filter>리소스 파일</Filter>
    </Image>
    <Image Include="button_gameinfo_active.bmp">
      <Filter>리소스 파일</Filter>
    </Image>
    <Image Include="button_load.bmp">
      <Filter>리소스 파일</Filter>
    </Image>
    <Image Include="button_load_active.bmp">
      <Filter>리소스 파일</Filter>
    </Image>
    <Image Include="button_start.bmp">
      <Filter>리소스 파일</Filter>
    </Image>
    <Image Include="button_start_active.bmp">
      <Filter>리소스 파일</Filter>
    </Image>
    <Image Include="loading-none.bmp">
      <Filter>리소스 파일</Filter>
    </Image>
    <Image Include="hakbonggwan.bmp">
      <Filter>리소스 파일</Filter>
    </Image>
    <Image Include="bongwan_1.bmp">
      <Filter>리소스 파일</Filter>
    </Image>
    <Image Include="bongwan_2.bmp">
      <Filter>리소스 파일</Filter>
    </Image>
    <Image Include="singwan.bmp">
      <Filter>리소스 파일</Filter>
    </Image>
    <Image Include="cafeteria.bmp">
      <Filter>리소스 파일</Filter>
    </Image>
    <Image Include="you-die.bmp">
      <Filter>리소스 파일</Filter>
    </Image>
    <Image Include="jandi.bmp">
      <Filter>리소스 파일</Filter>
    </Image>
    <Image Include="path.bmp">
      <Filter>리소스 파일</Filter>
    </Image>
    <Image Include="speechbubble.bmp">
      <Filter>리소스 파일</Filter>
    </Image>
    <Image Include="player-up.bmp">
      <Filter>리소스 파일</Filter>
    </Image>
    <Image Include="player-down.bmp">
      <Filter>리소스 파일</Filter>
    </Image>
    <Image Include="player-left.bmp">
      <Filter>리소스 파일</Filter>
    </Image>
    <Image Include="player-right.bmp">
      <Filter>리소스 파일</Filter>
    </Image>
    <Image Include="bongwan_fire1_1.bmp">
      <Filter>리소스 파일</Filter>
    </Image>
    <Image Include="bongwan_fire1_2.bmp">
      <Filter>리소스 파일</Filter>
    </Image>
    <Image Include="png1.png">
      <Filter>리소스 파일</Filter>
    </Image>
    <Image Include="gameinfo.png">
      <Filter>리소스 파일</Filter>
    </Image>
    <Image Include="gameinfo.bmp">
      <Filter>리소스 파일</Filter>
    </Image>
    <Image Include="water.bmp">
      <Filter>리소스 파일</Filter>
    </Image>
    <Image Include="NaOH.bmp">
      <Filter>리소스 파일</Filter>
    </Image>
    <Image Include="towel.bmp">
      <Filter>리소스 파일</Filter>
    </Image>
    <Image Include="bibimbap.bmp">
      <Filter>리소스 파일</Filter>
    </Image>
    <Image Include="Frame 14.bmp">
      <Filter>리소스 파일</Filter>
    </Image>
    <Image Include="Frame 15.bmp">
      <Filter>리소스 파일</Filter>
    </Image>
    <Image Include="Frame 16.bmp">
      <Filter>리소스 파일</Filter>
    </Image>
    <Image Include="Frame 17.bmp">
      <Filter>리소스 파일</Filter>
    </Image>
    <Image Include="Frame 18.bmp">
      <Filter>리소스 파일</Filter>
    </Image>
    <Image Include="Frame 20.bmp">
      <Filter>리소스 파일</Filter>
    </Image>
    <Image Include="Frame 19.bmp">
      <Filter>리소스 파일</Filter>
    </Image>
    <Image Include="Frame 21.bmp">
      <Filter>리소스 파일</Filter>
    </Image>
    <Image Include="arrow.bmp">
      <Filter>리소스 파일</Filter>
    </Image>
    <Image Include="house.bmp">
      <Filter>리소스 파일</Filter>
    </Image>
    <Image Include="Clear.bmp">
      <Filter>리소스 파일</Filter>
    </Image>
    <Image Include="bongwan.bmp">
      <Filter>리소스 파일</Filter>
    </Image>
    <Image Include="puricare.bmp">
      <Filter>리소스 파일</Filter>
    </Image>
    <Image Include="singwan_inside.bmp">
      <Filter>리소스 파일</Filter>
    </Image>
    <Image Include="hakbonggwan_inside.bmp">
      <Filter>리소스 파일</Filter>
    </Image>
    <Image Include="gangdang.bmp">
      <Filter>리소스 파일</Filter>
    </Image>
  </ItemGroup>
</Project>